
Microsoft Visual Studio Solution File, Format Version 12.00
# Visual Studio Version 17
VisualStudioVersion = 17.3.32901.215
MinimumVisualStudioVersion = 10.0.40219.1
Project("{9A19103F-16F7-4668-BE54-9A1E7A4F7556}") = "EXERCISES_1", "EXERCISES_FOR_WEEK_3\EXERCISES_1.csproj", "{587D043F-A749-4FE6-9088-76EFFAAD748C}"
EndProject
Project("{9A19103F-16F7-4668-BE54-9A1E7A4F7556}") = "EXERCISES_2", "EXERCISES_2\EXERCISES_2.csproj", "{BCBED926-A6E5-46EC-AE3F-7DE0F215DC90}"
EndProject
Project("{9A19103F-16F7-4668-BE54-9A1E7A4F7556}") = "Lab1", "Lab1\Lab1.csproj", "{8C1F4B72-1E14-419F-BD58-149F826FEC14}"
EndProject
Project("{FAE04EC0-301F-11D3-BF4B-00C04F79EFBC}") = "Lab2", "Lab2\Lab2.csproj", "{2D50156D-023A-4913-9F50-1EF0E2C210CD}"
EndProject
Global
	GlobalSection(SolutionConfigurationPlatforms) = preSolution
		Debug|Any CPU = Debug|Any CPU
		Release|Any CPU = Release|Any CPU
	EndGlobalSection
	GlobalSection(ProjectConfigurationPlatforms) = postSolution
		{587D043F-A749-4FE6-9088-76EFFAAD748C}.Debug|Any CPU.ActiveCfg = Debug|Any CPU
		{587D043F-A749-4FE6-9088-76EFFAAD748C}.Debug|Any CPU.Build.0 = Debug|Any CPU
		{587D043F-A749-4FE6-9088-76EFFAAD748C}.Release|Any CPU.ActiveCfg = Release|Any CPU
		{587D043F-A749-4FE6-9088-76EFFAAD748C}.Release|Any CPU.Build.0 = Release|Any CPU
		{BCBED926-A6E5-46EC-AE3F-7DE0F215DC90}.Debug|Any CPU.ActiveCfg = Debug|Any CPU
		{BCBED926-A6E5-46EC-AE3F-7DE0F215DC90}.Debug|Any CPU.Build.0 = Debug|Any CPU
		{BCBED926-A6E5-46EC-AE3F-7DE0F215DC90}.Release|Any CPU.ActiveCfg = Release|Any CPU
		{BCBED926-A6E5-46EC-AE3F-7DE0F215DC90}.Release|Any CPU.Build.0 = Release|Any CPU
		{8C1F4B72-1E14-419F-BD58-149F826FEC14}.Debug|Any CPU.ActiveCfg = Debug|Any CPU
		{8C1F4B72-1E14-419F-BD58-149F826FEC14}.Debug|Any CPU.Build.0 = Debug|Any CPU
		{8C1F4B72-1E14-419F-BD58-149F826FEC14}.Release|Any CPU.ActiveCfg = Release|Any CPU
		{8C1F4B72-1E14-419F-BD58-149F826FEC14}.Release|Any CPU.Build.0 = Release|Any CPU
		{2D50156D-023A-4913-9F50-1EF0E2C210CD}.Debug|Any CPU.ActiveCfg = Debug|Any CPU
		{2D50156D-023A-4913-9F50-1EF0E2C210CD}.Debug|Any CPU.Build.0 = Debug|Any CPU
		{2D50156D-023A-4913-9F50-1EF0E2C210CD}.Release|Any CPU.ActiveCfg = Release|Any CPU
		{2D50156D-023A-4913-9F50-1EF0E2C210CD}.Release|Any CPU.Build.0 = Release|Any CPU
	EndGlobalSection
	GlobalSection(SolutionProperties) = preSolution
		HideSolutionNode = FALSE
	EndGlobalSection
	GlobalSection(ExtensibilityGlobals) = postSolution
		SolutionGuid = {920740A0-83FC-4600-8D31-75D36683EC43}
	EndGlobalSection
EndGlobal
